
Microsoft Visual Studio Solution File, Format Version 12.00
# Visual Studio Express 2012 for Web
Project("{FAE04EC0-301F-11D3-BF4B-00C04F79EFBC}") = "SportsStore.Domain", "SportsStore.Domain\SportsStore.Domain.csproj", "{921432A6-0719-45B7-B84D-6E2047889758}"
EndProject
Project("{FAE04EC0-301F-11D3-BF4B-00C04F79EFBC}") = "SportsStore.WebUI", "SportsStore.WebUI\SportsStore.WebUI.csproj", "{063AD428-D8E0-4D77-B900-14AA3979DA86}"
EndProject
Project("{FAE04EC0-301F-11D3-BF4B-00C04F79EFBC}") = "SportsStore.UnitTests", "SportsStore.UnitTests\SportsStore.UnitTests.csproj", "{6E7EC330-13BB-4B11-A770-2504B9DA214D}"
EndProject
Global
	GlobalSection(SolutionConfigurationPlatforms) = preSolution
		Debug|Any CPU = Debug|Any CPU
		Release|Any CPU = Release|Any CPU
	EndGlobalSection
	GlobalSection(ProjectConfigurationPlatforms) = postSolution
		{921432A6-0719-45B7-B84D-6E2047889758}.Debug|Any CPU.ActiveCfg = Debug|Any CPU
		{921432A6-0719-45B7-B84D-6E2047889758}.Debug|Any CPU.Build.0 = Debug|Any CPU
		{921432A6-0719-45B7-B84D-6E2047889758}.Release|Any CPU.ActiveCfg = Release|Any CPU
		{921432A6-0719-45B7-B84D-6E2047889758}.Release|Any CPU.Build.0 = Release|Any CPU
		{063AD428-D8E0-4D77-B900-14AA3979DA86}.Debug|Any CPU.ActiveCfg = Debug|Any CPU
		{063AD428-D8E0-4D77-B900-14AA3979DA86}.Debug|Any CPU.Build.0 = Debug|Any CPU
		{063AD428-D8E0-4D77-B900-14AA3979DA86}.Release|Any CPU.ActiveCfg = Release|Any CPU
		{063AD428-D8E0-4D77-B900-14AA3979DA86}.Release|Any CPU.Build.0 = Release|Any CPU
		{6E7EC330-13BB-4B11-A770-2504B9DA214D}.Debug|Any CPU.ActiveCfg = Debug|Any CPU
		{6E7EC330-13BB-4B11-A770-2504B9DA214D}.Debug|Any CPU.Build.0 = Debug|Any CPU
		{6E7EC330-13BB-4B11-A770-2504B9DA214D}.Release|Any CPU.ActiveCfg = Release|Any CPU
		{6E7EC330-13BB-4B11-A770-2504B9DA214D}.Release|Any CPU.Build.0 = Release|Any CPU
	EndGlobalSection
	GlobalSection(SolutionProperties) = preSolution
		HideSolutionNode = FALSE
	EndGlobalSection
EndGlobal
